// !$*UTF8*$!
{
	archiveVersion = 1;
	classes = {
	};
	objectVersion = 46;
	objects = {

/* Begin PBXBuildFile section */
		07B00BD31F5CF25D0062C335 /* main.m in Sources */ = {isa = PBXBuildFile; fileRef = 07B00BD21F5CF25D0062C335 /* main.m */; };
		07B00BD61F5CF25D0062C335 /* AppDelegate.m in Sources */ = {isa = PBXBuildFile; fileRef = 07B00BD51F5CF25D0062C335 /* AppDelegate.m */; };
		07B00BD91F5CF25D0062C335 /* ViewController.m in Sources */ = {isa = PBXBuildFile; fileRef = 07B00BD81F5CF25D0062C335 /* ViewController.m */; };
		07B00BDC1F5CF25D0062C335 /* Main.storyboard in Resources */ = {isa = PBXBuildFile; fileRef = 07B00BDA1F5CF25D0062C335 /* Main.storyboard */; };
		07B00BDE1F5CF25D0062C335 /* Assets.xcassets in Resources */ = {isa = PBXBuildFile; fileRef = 07B00BDD1F5CF25D0062C335 /* Assets.xcassets */; };
		07B00BE11F5CF25D0062C335 /* LaunchScreen.storyboard in Resources */ = {isa = PBXBuildFile; fileRef = 07B00BDF1F5CF25D0062C335 /* LaunchScreen.storyboard */; };
		07B00BED1F5CF28A0062C335 /* RuntimeArchiver+AutoWrite.m in Sources */ = {isa = PBXBuildFile; fileRef = 07B00BEA1F5CF28A0062C335 /* RuntimeArchiver+AutoWrite.m */; settings = {COMPILER_FLAGS = "-fno-objc-arc"; }; };
		07B00BEE1F5CF28A0062C335 /* RuntimeArchiver.m in Sources */ = {isa = PBXBuildFile; fileRef = 07B00BEC1F5CF28A0062C335 /* RuntimeArchiver.m */; };
		07B00BF11F5CF2DA0062C335 /* SettingConfig.m in Sources */ = {isa = PBXBuildFile; fileRef = 07B00BF01F5CF2DA0062C335 /* SettingConfig.m */; };
/* End PBXBuildFile section */

/* Begin PBXFileReference section */
		07B00BCE1F5CF25D0062C335 /* RuntimeArchiver.app */ = {isa = PBXFileReference; explicitFileType = wrapper.application; includeInIndex = 0; path = RuntimeArchiver.app; sourceTree = BUILT_PRODUCTS_DIR; };
		07B00BD21F5CF25D0062C335 /* main.m */ = {isa = PBXFileReference; lastKnownFileType = sourcecode.c.objc; path = main.m; sourceTree = "<group>"; };
		07B00BD41F5CF25D0062C335 /* AppDelegate.h */ = {isa = PBXFileReference; lastKnownFileType = sourcecode.c.h; path = AppDelegate.h; sourceTree = "<group>"; };
		07B00BD51F5CF25D0062C335 /* AppDelegate.m */ = {isa = PBXFileReference; lastKnownFileType = sourcecode.c.objc; path = AppDelegate.m; sourceTree = "<group>"; };
		07B00BD71F5CF25D0062C335 /* ViewController.h */ = {isa = PBXFileReference; lastKnownFileType = sourcecode.c.h; path = ViewController.h; sourceTree = "<group>"; };
		07B00BD81F5CF25D0062C335 /* ViewController.m */ = {isa = PBXFileReference; lastKnownFileType = sourcecode.c.objc; path = ViewController.m; sourceTree = "<group>"; };
		07B00BDB1F5CF25D0062C335 /* Base */ = {isa = PBXFileReference; lastKnownFileType = file.storyboard; name = Base; path = Base.lproj/Main.storyboard; sourceTree = "<group>"; };
		07B00BDD1F5CF25D0062C335 /* Assets.xcassets */ = {isa = PBXFileReference; lastKnownFileType = folder.assetcatalog; path = Assets.xcassets; sourceTree = "<group>"; };
		07B00BE01F5CF25D0062C335 /* Base */ = {isa = PBXFileReference; lastKnownFileType = file.storyboard; name = Base; path = Base.lproj/LaunchScreen.storyboard; sourceTree = "<group>"; };
		07B00BE21F5CF25D0062C335 /* Info.plist */ = {isa = PBXFileReference; lastKnownFileType = text.plist.xml; path = Info.plist; sourceTree = "<group>"; };
		07B00BE91F5CF28A0062C335 /* RuntimeArchiver+AutoWrite.h */ = {isa = PBXFileReference; fileEncoding = 4; lastKnownFileType = sourcecode.c.h; path = "RuntimeArchiver+AutoWrite.h"; sourceTree = "<group>"; };
		07B00BEA1F5CF28A0062C335 /* RuntimeArchiver+AutoWrite.m */ = {isa = PBXFileReference; fileEncoding = 4; lastKnownFileType = sourcecode.c.objc; path = "RuntimeArchiver+AutoWrite.m"; sourceTree = "<group>"; };
		07B00BEB1F5CF28A0062C335 /* RuntimeArchiver.h */ = {isa = PBXFileReference; fileEncoding = 4; lastKnownFileType = sourcecode.c.h; path = RuntimeArchiver.h; sourceTree = "<group>"; };
		07B00BEC1F5CF28A0062C335 /* RuntimeArchiver.m */ = {isa = PBXFileReference; fileEncoding = 4; lastKnownFileType = sourcecode.c.objc; path = RuntimeArchiver.m; sourceTree = "<group>"; };
		07B00BEF1F5CF2DA0062C335 /* SettingConfig.h */ = {isa = PBXFileReference; fileEncoding = 4; lastKnownFileType = sourcecode.c.h; path = SettingConfig.h; sourceTree = "<group>"; };
		07B00BF01F5CF2DA0062C335 /* SettingConfig.m */ = {isa = PBXFileReference; fileEncoding = 4; lastKnownFileType = sourcecode.c.objc; path = SettingConfig.m; sourceTree = "<group>"; };
/* End PBXFileReference section */

/* Begin PBXFrameworksBuildPhase section */
		07B00BCB1F5CF25D0062C335 /* Frameworks */ = {
			isa = PBXFrameworksBuildPhase;
			buildActionMask = 2147483647;
			files = (
			);
			runOnlyForDeploymentPostprocessing = 0;
		};
/* End PBXFrameworksBuildPhase section */

/* Begin PBXGroup section */
		07B00BC51F5CF25D0062C335 = {
			isa = PBXGroup;
			children = (
				07B00BD01F5CF25D0062C335 /* RuntimeArchiver */,
				07B00BCF1F5CF25D0062C335 /* Products */,
			);
			sourceTree = "<group>";
		};
		07B00BCF1F5CF25D0062C335 /* Products */ = {
			isa = PBXGroup;
			children = (
				07B00BCE1F5CF25D0062C335 /* RuntimeArchiver.app */,
			);
			name = Products;
			sourceTree = "<group>";
		};
		07B00BD01F5CF25D0062C335 /* RuntimeArchiver */ = {
			isa = PBXGroup;
			children = (
				07B00BE81F5CF28A0062C335 /* runtime */,
				07B00BD41F5CF25D0062C335 /* AppDelegate.h */,
				07B00BD51F5CF25D0062C335 /* AppDelegate.m */,
				07B00BEF1F5CF2DA0062C335 /* SettingConfig.h */,
				07B00BF01F5CF2DA0062C335 /* SettingConfig.m */,
				07B00BD71F5CF25D0062C335 /* ViewController.h */,
				07B00BD81F5CF25D0062C335 /* ViewController.m */,
				07B00BDA1F5CF25D0062C335 /* Main.storyboard */,
				07B00BDD1F5CF25D0062C335 /* Assets.xcassets */,
				07B00BDF1F5CF25D0062C335 /* LaunchScreen.storyboard */,
				07B00BE21F5CF25D0062C335 /* Info.plist */,
				07B00BD11F5CF25D0062C335 /* Supporting Files */,
			);
			path = RuntimeArchiver;
			sourceTree = "<group>";
		};
		07B00BD11F5CF25D0062C335 /* Supporting Files */ = {
			isa = PBXGroup;
			children = (
				07B00BD21F5CF25D0062C335 /* main.m */,
			);
			name = "Supporting Files";
			sourceTree = "<group>";
		};
		07B00BE81F5CF28A0062C335 /* runtime */ = {
			isa = PBXGroup;
			children = (
				07B00BE91F5CF28A0062C335 /* RuntimeArchiver+AutoWrite.h */,
				07B00BEA1F5CF28A0062C335 /* RuntimeArchiver+AutoWrite.m */,
				07B00BEB1F5CF28A0062C335 /* RuntimeArchiver.h */,
				07B00BEC1F5CF28A0062C335 /* RuntimeArchiver.m */,
			);
			path = runtime;
			sourceTree = "<group>";
		};
/* End PBXGroup section */

/* Begin PBXNativeTarget section */
		07B00BCD1F5CF25D0062C335 /* RuntimeArchiver */ = {
			isa = PBXNativeTarget;
			buildConfigurationList = 07B00BE51F5CF25D0062C335 /* Build configuration list for PBXNativeTarget "RuntimeArchiver" */;
			buildPhases = (
				07B00BCA1F5CF25D0062C335 /* Sources */,
				07B00BCB1F5CF25D0062C335 /* Frameworks */,
				07B00BCC1F5CF25D0062C335 /* Resources */,
			);
			buildRules = (
			);
			dependencies = (
			);
			name = RuntimeArchiver;
			productName = RuntimeArchiver;
			productReference = 07B00BCE1F5CF25D0062C335 /* RuntimeArchiver.app */;
			productType = "com.apple.product-type.application";
		};
/* End PBXNativeTarget section */

/* Begin PBXProject section */
		07B00BC61F5CF25D0062C335 /* Project object */ = {
			isa = PBXProject;
			attributes = {
				LastUpgradeCheck = 0830;
				ORGANIZATIONNAME = niu_o0;
				TargetAttributes = {
					07B00BCD1F5CF25D0062C335 = {
						CreatedOnToolsVersion = 8.3.2;
						DevelopmentTeam = 7QFJ7CVQ97;
						ProvisioningStyle = Manual;
					};
				};
			};
			buildConfigurationList = 07B00BC91F5CF25D0062C335 /* Build configuration list for PBXProject "RuntimeArchiver" */;
			compatibilityVersion = "Xcode 3.2";
			developmentRegion = English;
			hasScannedForEncodings = 0;
			knownRegions = (
				en,
				Base,
			);
			mainGroup = 07B00BC51F5CF25D0062C335;
			productRefGroup = 07B00BCF1F5CF25D0062C335 /* Products */;
			projectDirPath = "";
			projectRoot = "";
			targets = (
				07B00BCD1F5CF25D0062C335 /* RuntimeArchiver */,
			);
		};
/* End PBXProject section */

/* Begin PBXResourcesBuildPhase section */
		07B00BCC1F5CF25D0062C335 /* Resources */ = {
			isa = PBXResourcesBuildPhase;
			buildActionMask = 2147483647;
			files = (
				07B00BE11F5CF25D0062C335 /* LaunchScreen.storyboard in Resources */,
				07B00BDE1F5CF25D0062C335 /* Assets.xcassets in Resources */,
				07B00BDC1F5CF25D0062C335 /* Main.storyboard in Resources */,
			);
			runOnlyForDeploymentPostprocessing = 0;
		};
/* End PBXResourcesBuildPhase section */

/* Begin PBXSourcesBuildPhase section */
		07B00BCA1F5CF25D0062C335 /* Sources */ = {
			isa = PBXSourcesBuildPhase;
			buildActionMask = 2147483647;
			files = (
				07B00BD91F5CF25D0062C335 /* ViewController.m in Sources */,
				07B00BED1F5CF28A0062C335 /* RuntimeArchiver+AutoWrite.m in Sources */,
				07B00BF11F5CF2DA0062C335 /* SettingConfig.m in Sources */,
				07B00BD61F5CF25D0062C335 /* AppDelegate.m in Sources */,
				07B00BEE1F5CF28A0062C335 /* RuntimeArchiver.m in Sources */,
				07B00BD31F5CF25D0062C335 /* main.m in Sources */,
			);
			runOnlyForDeploymentPostprocessing = 0;
		};
/* End PBXSourcesBuildPhase section */

/* Begin PBXVariantGroup section */
		07B00BDA1F5CF25D0062C335 /* Main.storyboard */ = {
			isa = PBXVariantGroup;
			children = (
				07B00BDB1F5CF25D0062C335 /* Base */,
			);
			name = Main.storyboard;
			sourceTree = "<group>";
		};
		07B00BDF1F5CF25D0062C335 /* LaunchScreen.storyboard */ = {
			isa = PBXVariantGroup;
			children = (
				07B00BE01F5CF25D0062C335 /* Base */,
			);
			name = LaunchScreen.storyboard;
			sourceTree = "<group>";
		};
/* End PBXVariantGroup section */

/* Begin XCBuildConfiguration section */
		07B00BE31F5CF25D0062C335 /* Debug */ = {
			isa = XCBuildConfiguration;
			buildSettings = {
				ALWAYS_SEARCH_USER_PATHS = NO;
				CLANG_ANALYZER_NONNULL = YES;
				CLANG_ANALYZER_NUMBER_OBJECT_CONVERSION = YES_AGGRESSIVE;
				CLANG_CXX_LANGUAGE_STANDARD = "gnu++0x";
				CLANG_CXX_LIBRARY = "libc++";
				CLANG_ENABLE_MODULES = YES;
				CLANG_ENABLE_OBJC_ARC = YES;
				CLANG_WARN_BOOL_CONVERSION = YES;
				CLANG_WARN_CONSTANT_CONVERSION = YES;
				CLANG_WARN_DIRECT_OBJC_ISA_USAGE = YES_ERROR;
				CLANG_WARN_DOCUMENTATION_COMMENTS = YES;
				CLANG_WARN_EMPTY_BODY = YES;
				CLANG_WARN_ENUM_CONVERSION = YES;
				CLANG_WARN_INFINITE_RECURSION = YES;
				CLANG_WARN_INT_CONVERSION = YES;
				CLANG_WARN_OBJC_ROOT_CLASS = YES_ERROR;
				CLANG_WARN_SUSPICIOUS_MOVE = YES;
				CLANG_WARN_UNREACHABLE_CODE = YES;
				CLANG_WARN__DUPLICATE_METHOD_MATCH = YES;
				"CODE_SIGN_IDENTITY[sdk=iphoneos*]" = "iPhone Developer";
				COPY_PHASE_STRIP = NO;
				DEBUG_INFORMATION_FORMAT = dwarf;
				ENABLE_STRICT_OBJC_MSGSEND = YES;
				ENABLE_TESTABILITY = YES;
				GCC_C_LANGUAGE_STANDARD = gnu99;
				GCC_DYNAMIC_NO_PIC = NO;
				GCC_NO_COMMON_BLOCKS = YES;
				GCC_OPTIMIZATION_LEVEL = 0;
				GCC_PREPROCESSOR_DEFINITIONS = (
					"DEBUG=1",
					"$(inherited)",
				);
				GCC_WARN_64_TO_32_BIT_CONVERSION = YES;
				GCC_WARN_ABOUT_RETURN_TYPE = YES_ERROR;
				GCC_WARN_UNDECLARED_SELECTOR = YES;
				GCC_WARN_UNINITIALIZED_AUTOS = YES_AGGRESSIVE;
				GCC_WARN_UNUSED_FUNCTION = YES;
				GCC_WARN_UNUSED_VARIABLE = YES;
				IPHONEOS_DEPLOYMENT_TARGET = 10.3;
				MTL_ENABLE_DEBUG_INFO = YES;
				ONLY_ACTIVE_ARCH = YES;
				SDKROOT = iphoneos;
			};
			name = Debug;
		};
		07B00BE41F5CF25D0062C335 /* Release */ = {
			isa = XCBuildConfiguration;
			buildSettings = {
				ALWAYS_SEARCH_USER_PATHS = NO;
				CLANG_ANALYZER_NONNULL = YES;
				CLANG_ANALYZER_NUMBER_OBJECT_CONVERSION = YES_AGGRESSIVE;
				CLANG_CXX_LANGUAGE_STANDARD = "gnu++0x";
				CLANG_CXX_LIBRARY = "libc++";
				CLANG_ENABLE_MODULES = YES;
				CLANG_ENABLE_OBJC_ARC = YES;
				CLANG_WARN_BOOL_CONVERSION = YES;
				CLANG_WARN_CONSTANT_CONVERSION = YES;
				CLANG_WARN_DIRECT_OBJC_ISA_USAGE = YES_ERROR;
				CLANG_WARN_DOCUMENTATION_COMMENTS = YES;
				CLANG_WARN_EMPTY_BODY = YES;
				CLANG_WARN_ENUM_CONVERSION = YES;
				CLANG_WARN_INFINITE_RECURSION = YES;
				CLANG_WARN_INT_CONVERSION = YES;
				CLANG_WARN_OBJC_ROOT_CLASS = YES_ERROR;
				CLANG_WARN_SUSPICIOUS_MOVE = YES;
				CLANG_WARN_UNREACHABLE_CODE = YES;
				CLANG_WARN__DUPLICATE_METHOD_MATCH = YES;
				"CODE_SIGN_IDENTITY[sdk=iphoneos*]" = "iPhone Developer";
				COPY_PHASE_STRIP = NO;
				DEBUG_INFORMATION_FORMAT = "dwarf-with-dsym";
				ENABLE_NS_ASSERTIONS = NO;
				ENABLE_STRICT_OBJC_MSGSEND = YES;
				GCC_C_LANGUAGE_STANDARD = gnu99;
				GCC_NO_COMMON_BLOCKS = YES;
				GCC_WARN_64_TO_32_BIT_CONVERSION = YES;
				GCC_WARN_ABOUT_RETURN_TYPE = YES_ERROR;
				GCC_WARN_UNDECLARED_SELECTOR = YES;
				GCC_WARN_UNINITIALIZED_AUTOS = YES_AGGRESSIVE;
				GCC_WARN_UNUSED_FUNCTION = YES;
				GCC_WARN_UNUSED_VARIABLE = YES;
				IPHONEOS_DEPLOYMENT_TARGET = 10.3;
				MTL_ENABLE_DEBUG_INFO = NO;
				SDKROOT = iphoneos;
				VALIDATE_PRODUCT = YES;
			};
			name = Release;
		};
		07B00BE61F5CF25D0062C335 /* Debug */ = {
			isa = XCBuildConfiguration;
			buildSettings = {
				ASSETCATALOG_COMPILER_APPICON_NAME = AppIcon;
				DEVELOPMENT_TEAM = 7QFJ7CVQ97;
				ENABLE_STRICT_OBJC_MSGSEND = NO;
				INFOPLIST_FILE = RuntimeArchiver/Info.plist;
				IPHONEOS_DEPLOYMENT_TARGET = 8.0;
				LD_RUNPATH_SEARCH_PATHS = "$(inherited) @executable_path/Frameworks";
				PRODUCT_BUNDLE_IDENTIFIER = com.cike.RuntimeArchiver;
				PRODUCT_NAME = "$(TARGET_NAME)";
				PROVISIONING_PROFILE = "29879d2c-57d3-4522-9a0f-b3ad9b24b3c9";
				PROVISIONING_PROFILE_SPECIFIER = "CikeLive ALL Developer";
			};
			name = Debug;
		};
		07B00BE71F5CF25D0062C335 /* Release */ = {
			isa = XCBuildConfiguration;
			buildSettings = {
				ASSETCATALOG_COMPILER_APPICON_NAME = AppIcon;
				DEVELOPMENT_TEAM = "";
				ENABLE_STRICT_OBJC_MSGSEND = NO;
				INFOPLIST_FILE = RuntimeArchiver/Info.plist;
				IPHONEOS_DEPLOYMENT_TARGET = 8.0;
				LD_RUNPATH_SEARCH_PATHS = "$(inherited) @executable_path/Frameworks";
				PRODUCT_BUNDLE_IDENTIFIER = com.cike.RuntimeArchiver;
				PRODUCT_NAME = "$(TARGET_NAME)";
				PROVISIONING_PROFILE_SPECIFIER = "";
			};
			name = Release;
		};
/* End XCBuildConfiguration section */

/* Begin XCConfigurationList section */
		07B00BC91F5CF25D0062C335 /* Build configuration list for PBXProject "RuntimeArchiver" */ = {
			isa = XCConfigurationList;
			buildConfigurations = (
				07B00BE31F5CF25D0062C335 /* Debug */,
				07B00BE41F5CF25D0062C335 /* Release */,
			);
			defaultConfigurationIsVisible = 0;
			defaultConfigurationName = Release;
		};
		07B00BE51F5CF25D0062C335 /* Build configuration list for PBXNativeTarget "RuntimeArchiver" */ = {
			isa = XCConfigurationList;
			buildConfigurations = (
				07B00BE61F5CF25D0062C335 /* Debug */,
				07B00BE71F5CF25D0062C335 /* Release */,
			);
			defaultConfigurationIsVisible = 0;
			defaultConfigurationName = Release;
		};
/* End XCConfigurationList section */
	};
	rootObject = 07B00BC61F5CF25D0062C335 /* Project object */;
}
